<?xml version="1.0" encoding="utf-8"?>
<Project ToolsVersion="4.0" xmlns="http://schemas.microsoft.com/developer/msbuild/2003">
  <ItemGroup>
    <Filter Include="ソース ファイル">
      <UniqueIdentifier>{4FC737F1-C7A5-4376-A066-2A32D752A2FF}</UniqueIdentifier>
      <Extensions>cpp;c;cc;cxx;c++;cppm;ixx;def;odl;idl;hpj;bat;asm;asmx</Extensions>
    </Filter>
    <Filter Include="ヘッダー ファイル">
      <UniqueIdentifier>{93995380-89BD-4b04-88EB-625FBE52EBFB}</UniqueIdentifier>
      <Extensions>h;hh;hpp;hxx;h++;hm;inl;inc;ipp;xsd</Extensions>
    </Filter>
    <Filter Include="リソース ファイル">
      <UniqueIdentifier>{67DA6AB6-F800-4c08-8B7A-83BB121AAD01}</UniqueIdentifier>
      <Extensions>rc;ico;cur;bmp;dlg;rc2;rct;bin;rgs;gif;jpg;jpeg;jpe;resx;tiff;tif;png;wav;mfcribbon-ms</Extensions>
    </Filter>
    <Filter Include="ヘッダー ファイル\Player">
      <UniqueIdentifier>{e4b73d72-e118-4812-8132-37529d6dd186}</UniqueIdentifier>
    </Filter>
    <Filter Include="ソース ファイル\utill">
      <UniqueIdentifier>{27524dfb-51c4-4640-91ce-4654401b0f80}</UniqueIdentifier>
    </Filter>
    <Filter Include="ソース ファイル\Player">
      <UniqueIdentifier>{9003b36d-c4c3-49cf-88ac-84e9b6a5bc36}</UniqueIdentifier>
    </Filter>
    <Filter Include="ヘッダー ファイル\utill">
      <UniqueIdentifier>{75b49dd8-7b3a-4cb6-860d-321e17a32074}</UniqueIdentifier>
    </Filter>
    <Filter Include="ソース ファイル\Enemy">
      <UniqueIdentifier>{f7aebd2b-312f-4d86-9b2a-ee9075915974}</UniqueIdentifier>
    </Filter>
    <Filter Include="ヘッダー ファイル\Enemy">
      <UniqueIdentifier>{b1d9989b-b85e-4fd2-9b25-fe247e826a2c}</UniqueIdentifier>
    </Filter>
    <Filter Include="ソース ファイル\menu">
      <UniqueIdentifier>{91bcb07b-834f-4939-a1cd-699bd46094eb}</UniqueIdentifier>
    </Filter>
    <Filter Include="ヘッダー ファイル\menu">
      <UniqueIdentifier>{ddc67264-46a6-4cea-b78f-a51c8cc06058}</UniqueIdentifier>
    </Filter>
  </ItemGroup>
  <ItemGroup>
    <ClCompile Include="main.cpp">
      <Filter>ソース ファイル</Filter>
    </ClCompile>
    <ClCompile Include="Player\PlayerBase.cpp">
      <Filter>ソース ファイル\Player</Filter>
    </ClCompile>
    <ClCompile Include="utill\Vec2.cpp">
      <Filter>ソース ファイル\utill</Filter>
    </ClCompile>
    <ClCompile Include="Scene.cpp">
      <Filter>ソース ファイル</Filter>
    </ClCompile>
    <ClCompile Include="choice.cpp">
      <Filter>ソース ファイル</Filter>
    </ClCompile>
    <ClCompile Include="utill\Rect.cpp">
      <Filter>ソース ファイル\utill</Filter>
    </ClCompile>
    <ClCompile Include="Enemy\Enemy.cpp">
      <Filter>ソース ファイル\Enemy</Filter>
    </ClCompile>
    <ClCompile Include="utill\Key.cpp">
      <Filter>ソース ファイル\utill</Filter>
    </ClCompile>
    <ClCompile Include="menu\menu.cpp">
      <Filter>ソース ファイル\menu</Filter>
    </ClCompile>
    <ClCompile Include="menu\MenuPlayer.cpp">
      <Filter>ソース ファイル\menu</Filter>
    </ClCompile>
  </ItemGroup>
  <ItemGroup>
    <ClInclude Include="Player\PlayerBase.h">
      <Filter>ヘッダー ファイル\Player</Filter>
    </ClInclude>
    <ClInclude Include="utill\Vec2.h">
      <Filter>ヘッダー ファイル\utill</Filter>
    </ClInclude>
    <ClInclude Include="Scene.h">
      <Filter>ヘッダー ファイル</Filter>
    </ClInclude>
    <ClInclude Include="choice.h">
      <Filter>ヘッダー ファイル</Filter>
    </ClInclude>
    <ClInclude Include="utill\Rect.h">
      <Filter>ヘッダー ファイル\utill</Filter>
    </ClInclude>
    <ClInclude Include="utill\Game.h">
      <Filter>ヘッダー ファイル\utill</Filter>
    </ClInclude>
    <ClInclude Include="Enemy\Enemy.h">
      <Filter>ヘッダー ファイル\Enemy</Filter>
    </ClInclude>
    <ClInclude Include="utill\Key.h">
      <Filter>ヘッダー ファイル\utill</Filter>
    </ClInclude>
    <ClInclude Include="menu\menu.h">
      <Filter>ヘッダー ファイル\menu</Filter>
    </ClInclude>
    <ClInclude Include="menu\MenuPlayer.h">
      <Filter>ヘッダー ファイル\menu</Filter>
    </ClInclude>
  </ItemGroup>
</Project>